
Microsoft Visual Studio Solution File, Format Version 12.00
# Visual Studio Version 17
VisualStudioVersion = 17.11.35327.3
MinimumVisualStudioVersion = 10.0.40219.1
Project("{2150E333-8FDC-42A3-9474-1A3956D46DE8}") = "01.New_Study", "01.New_Study", "{399DCF96-9760-4AF2-91E4-3257C7685523}"
EndProject
Project("{9A19103F-16F7-4668-BE54-9A1E7A4F7556}") = "001_HelloWorld", "001_HelloWorld\001_HelloWorld.csproj", "{02B7CA70-4B95-4B06-9A54-38ABEDC69196}"
EndProject
Global
	GlobalSection(SolutionConfigurationPlatforms) = preSolution
		Debug|Any CPU = Debug|Any CPU
		Release|Any CPU = Release|Any CPU
	EndGlobalSection
	GlobalSection(ProjectConfigurationPlatforms) = postSolution
		{02B7CA70-4B95-4B06-9A54-38ABEDC69196}.Debug|Any CPU.ActiveCfg = Debug|Any CPU
		{02B7CA70-4B95-4B06-9A54-38ABEDC69196}.Debug|Any CPU.Build.0 = Debug|Any CPU
		{02B7CA70-4B95-4B06-9A54-38ABEDC69196}.Release|Any CPU.ActiveCfg = Release|Any CPU
		{02B7CA70-4B95-4B06-9A54-38ABEDC69196}.Release|Any CPU.Build.0 = Release|Any CPU
	EndGlobalSection
	GlobalSection(SolutionProperties) = preSolution
		HideSolutionNode = FALSE
	EndGlobalSection
	GlobalSection(NestedProjects) = preSolution
		{02B7CA70-4B95-4B06-9A54-38ABEDC69196} = {399DCF96-9760-4AF2-91E4-3257C7685523}
	EndGlobalSection
	GlobalSection(ExtensibilityGlobals) = postSolution
		SolutionGuid = {539A9BD2-522D-4917-BB62-C64A5EE944F9}
	EndGlobalSection
EndGlobal
