
Microsoft Visual Studio Solution File, Format Version 12.00
# Visual Studio Version 17
VisualStudioVersion = 17.11.35327.3
MinimumVisualStudioVersion = 10.0.40219.1
Project("{2150E333-8FDC-42A3-9474-1A3956D46DE8}") = "00.Language", "00.Language", "{399DCF96-9760-4AF2-91E4-3257C7685523}"
EndProject
Project("{9A19103F-16F7-4668-BE54-9A1E7A4F7556}") = "001_HelloWorld", "001_HelloWorld\001_HelloWorld.csproj", "{02B7CA70-4B95-4B06-9A54-38ABEDC69196}"
EndProject
Project("{9A19103F-16F7-4668-BE54-9A1E7A4F7556}") = "000_CSharpBasic", "000_CSharpBasic\000_CSharpBasic.csproj", "{04210B99-272B-4FCA-8E4F-8C73FD5CC864}"
EndProject
Project("{9A19103F-16F7-4668-BE54-9A1E7A4F7556}") = "002_Variable", "002_Variable\002_Variable.csproj", "{6EEFBA39-863B-49C3-9DF8-972441D14F74}"
EndProject
Project("{9A19103F-16F7-4668-BE54-9A1E7A4F7556}") = "003_Literals", "003_Literals\003_Literals.csproj", "{42656824-B684-4A00-B6E2-CD4E82539E84}"
EndProject
Project("{9A19103F-16F7-4668-BE54-9A1E7A4F7556}") = "004_Character", "004_Character\004_Character.csproj", "{54BBAEA9-A335-455E-92D8-53784CD97E53}"
EndProject
Project("{9A19103F-16F7-4668-BE54-9A1E7A4F7556}") = "005_Floating", "005_Floating\005_Floating.csproj", "{0A870C5C-D84D-4654-AEED-44DE9512FC88}"
EndProject
Project("{9A19103F-16F7-4668-BE54-9A1E7A4F7556}") = "006_Object", "006_Object\006_Object.csproj", "{553E013F-AC37-4D7E-9242-5A2FAE2AB6DB}"
EndProject
Project("{9A19103F-16F7-4668-BE54-9A1E7A4F7556}") = "007_Const_And_Enum", "007_Const_And_Enum\007_Const_And_Enum.csproj", "{2260512B-85AC-40CA-ABCB-49D4A88FF429}"
EndProject
Project("{9A19103F-16F7-4668-BE54-9A1E7A4F7556}") = "008_NullAble", "008_NullAble\008_NullAble.csproj", "{5C27C4C7-4FDE-4E7B-A0AC-6FE1ACAD69E6}"
EndProject
Project("{9A19103F-16F7-4668-BE54-9A1E7A4F7556}") = "009_var", "009_var\009_var.csproj", "{B5A42C0C-4E2F-4D20-8CE8-76BCF35897D4}"
EndProject
Project("{9A19103F-16F7-4668-BE54-9A1E7A4F7556}") = "010_StringSearch", "010_StringSearch\010_StringSearch.csproj", "{4BE30A88-2A72-404D-9567-93885E69D09D}"
EndProject
Project("{9A19103F-16F7-4668-BE54-9A1E7A4F7556}") = "011_Substring_And_Split", "011_Substring_And_Split\011_Substring_And_Split.csproj", "{131B3115-CCE2-4914-B662-A194C88B7CEA}"
EndProject
Project("{9A19103F-16F7-4668-BE54-9A1E7A4F7556}") = "012_String_Format", "012_String_Format\012_String_Format.csproj", "{54BC2575-006A-418B-B8B2-CBE11F49A1B0}"
EndProject
Project("{9A19103F-16F7-4668-BE54-9A1E7A4F7556}") = "013_Read_And_Write", "013_Read_And_Write\013_Read_And_Write.csproj", "{EBA8429C-BA7C-494D-81DC-B2F52F0CE15E}"
EndProject
Project("{9A19103F-16F7-4668-BE54-9A1E7A4F7556}") = "014_Parse", "014_Parse\014_Parse.csproj", "{CEAA7189-4BC7-4E21-A76F-5F0B1CADB6EA}"
EndProject
Project("{9A19103F-16F7-4668-BE54-9A1E7A4F7556}") = "015_Switch", "015_Switch\015_Switch.csproj", "{6D7CCDD6-05F6-4B56-B29B-15E0CBE7F76A}"
EndProject
Project("{9A19103F-16F7-4668-BE54-9A1E7A4F7556}") = "016_foreach", "016_foreach\016_foreach.csproj", "{263EE50E-6294-4A5E-9924-E38B48AA7058}"
EndProject
Project("{9A19103F-16F7-4668-BE54-9A1E7A4F7556}") = "017_Method", "017_Method\017_Method.csproj", "{4FE79FF5-8FD1-444D-B250-DBCFCE651319}"
EndProject
Project("{9A19103F-16F7-4668-BE54-9A1E7A4F7556}") = "018_Reference", "018_Reference\018_Reference.csproj", "{D6127C18-EE7F-42CC-9B82-DE14080D3BF4}"
EndProject
Project("{9A19103F-16F7-4668-BE54-9A1E7A4F7556}") = "019_Overloading", "019_Overloading\019_Overloading.csproj", "{0E865A32-14D8-49CD-A47B-B15FECC33AC8}"
EndProject
Project("{9A19103F-16F7-4668-BE54-9A1E7A4F7556}") = "020_Class", "020_Class\020_Class.csproj", "{EE64EFA6-06BF-4F1C-91F3-81D44C1E81FF}"
EndProject
Project("{9A19103F-16F7-4668-BE54-9A1E7A4F7556}") = "021_This", "021_This\021_This.csproj", "{44924644-0A14-45F6-B091-26230F97E65A}"
EndProject
Project("{9A19103F-16F7-4668-BE54-9A1E7A4F7556}") = "022_Encapsulation", "022_Encapsulation\022_Encapsulation.csproj", "{EC092CCD-4F8D-43AC-9884-AF929475CDCB}"
EndProject
Project("{9A19103F-16F7-4668-BE54-9A1E7A4F7556}") = "023_sealed", "023_sealed\023_sealed.csproj", "{5873BE38-95FC-4A0C-B06B-FBF848B1154A}"
EndProject
Project("{9A19103F-16F7-4668-BE54-9A1E7A4F7556}") = "024_is_And_as", "024_is_And_as\024_is_And_as.csproj", "{184FF1CD-11C6-4B66-BC09-70653562E574}"
EndProject
Project("{9A19103F-16F7-4668-BE54-9A1E7A4F7556}") = "025_Override", "025_Override\025_Override.csproj", "{FC38034B-BF67-4065-9C8A-20755ACE4EDB}"
EndProject
Project("{9A19103F-16F7-4668-BE54-9A1E7A4F7556}") = "026_partial", "026_partial\026_partial.csproj", "{174C1344-3C6A-4EBA-B291-35C651D17DAC}"
EndProject
Project("{9A19103F-16F7-4668-BE54-9A1E7A4F7556}") = "027_ExtentionMethod", "027_ExtentionMethod\027_ExtentionMethod.csproj", "{AE9CC793-DAB9-45ED-BFF3-0BDD6F2BB73C}"
EndProject
Project("{FAE04EC0-301F-11D3-BF4B-00C04F79EFBC}") = "TestCode", "TestCode\TestCode.csproj", "{B3068BDA-3D60-41F0-A213-41B46472D6CE}"
EndProject
Project("{FAE04EC0-301F-11D3-BF4B-00C04F79EFBC}") = "028_Interface", "028_Interface\028_Interface.csproj", "{6A8A3128-2369-482A-9651-7234BB12FEDC}"
EndProject
Project("{FAE04EC0-301F-11D3-BF4B-00C04F79EFBC}") = "029_Abstract", "029_Abstract\029_Abstract.csproj", "{7C368D81-E7D3-4CF5-A438-ED4DFE8468FB}"
EndProject
Project("{FAE04EC0-301F-11D3-BF4B-00C04F79EFBC}") = "030_Property", "030_Property\030_Property.csproj", "{3720E387-83B9-4947-9F44-C1CC9ABE6649}"
EndProject
Project("{FAE04EC0-301F-11D3-BF4B-00C04F79EFBC}") = "031_Array", "031_Array\031_Array.csproj", "{68E965CC-3BF1-4439-A6F5-8FE308A76609}"
EndProject
Project("{FAE04EC0-301F-11D3-BF4B-00C04F79EFBC}") = "032_ArrayList", "032_ArrayList\032_ArrayList.csproj", "{739467E2-FAA9-4F97-BC97-DC7F6CC922C6}"
EndProject
Project("{FAE04EC0-301F-11D3-BF4B-00C04F79EFBC}") = "033_Queue", "033_Queue\033_Queue.csproj", "{AA87988F-6CAB-49CC-8574-B62CB0910D9A}"
EndProject
Project("{FAE04EC0-301F-11D3-BF4B-00C04F79EFBC}") = "034_Stack", "034_Stack\034_Stack.csproj", "{23FE5DDF-87CA-4142-AAD5-E72979DF0D27}"
EndProject
Project("{FAE04EC0-301F-11D3-BF4B-00C04F79EFBC}") = "Random", "Random\Random.csproj", "{1A1DBC79-6E2C-4C0B-BEE1-F35B62B54260}"
EndProject
Project("{2150E333-8FDC-42A3-9474-1A3956D46DE8}") = "01.SOLID", "01.SOLID", "{C8D5274F-AC00-46C7-1F8D-E88E81087A52}"
EndProject
Project("{FAE04EC0-301F-11D3-BF4B-00C04F79EFBC}") = "01_Single Risponsibility Principle", "01_Single Risponsibility Principle\01_Single Risponsibility Principle.csproj", "{965CA2A6-34DD-45E2-859B-AD3060A07779}"
EndProject
Project("{FAE04EC0-301F-11D3-BF4B-00C04F79EFBC}") = "03_Liskov Substitution Principle", "03_Liskov Substitution Principle\03_Liskov Substitution Principle.csproj", "{AA9461BC-3C0D-464E-BB98-86FC136466DA}"
EndProject
Project("{FAE04EC0-301F-11D3-BF4B-00C04F79EFBC}") = "02_Open-Closed Principle", "02_Open-Closed Principle\02_Open-Closed Principle.csproj", "{EA290651-D483-4ED6-9A46-3F84A19964AF}"
EndProject
Project("{FAE04EC0-301F-11D3-BF4B-00C04F79EFBC}") = "04_Interface Segregation Principle", "04_Interface Segregation Principle\04_Interface Segregation Principle.csproj", "{B2D2279A-E7C1-47FE-BC92-8D9D50FCDF22}"
EndProject
Project("{FAE04EC0-301F-11D3-BF4B-00C04F79EFBC}") = "05_Dependency Inversion Principle", "05_Dependency Inversion Principle\05_Dependency Inversion Principle.csproj", "{76DAE4B1-88EA-4CAE-94BF-90839E95C950}"
EndProject
Global
	GlobalSection(SolutionConfigurationPlatforms) = preSolution
		Debug|Any CPU = Debug|Any CPU
		Release|Any CPU = Release|Any CPU
	EndGlobalSection
	GlobalSection(ProjectConfigurationPlatforms) = postSolution
		{02B7CA70-4B95-4B06-9A54-38ABEDC69196}.Debug|Any CPU.ActiveCfg = Debug|Any CPU
		{02B7CA70-4B95-4B06-9A54-38ABEDC69196}.Debug|Any CPU.Build.0 = Debug|Any CPU
		{02B7CA70-4B95-4B06-9A54-38ABEDC69196}.Release|Any CPU.ActiveCfg = Release|Any CPU
		{02B7CA70-4B95-4B06-9A54-38ABEDC69196}.Release|Any CPU.Build.0 = Release|Any CPU
		{04210B99-272B-4FCA-8E4F-8C73FD5CC864}.Debug|Any CPU.ActiveCfg = Debug|Any CPU
		{04210B99-272B-4FCA-8E4F-8C73FD5CC864}.Debug|Any CPU.Build.0 = Debug|Any CPU
		{04210B99-272B-4FCA-8E4F-8C73FD5CC864}.Release|Any CPU.ActiveCfg = Release|Any CPU
		{04210B99-272B-4FCA-8E4F-8C73FD5CC864}.Release|Any CPU.Build.0 = Release|Any CPU
		{6EEFBA39-863B-49C3-9DF8-972441D14F74}.Debug|Any CPU.ActiveCfg = Debug|Any CPU
		{6EEFBA39-863B-49C3-9DF8-972441D14F74}.Debug|Any CPU.Build.0 = Debug|Any CPU
		{6EEFBA39-863B-49C3-9DF8-972441D14F74}.Release|Any CPU.ActiveCfg = Release|Any CPU
		{6EEFBA39-863B-49C3-9DF8-972441D14F74}.Release|Any CPU.Build.0 = Release|Any CPU
		{42656824-B684-4A00-B6E2-CD4E82539E84}.Debug|Any CPU.ActiveCfg = Debug|Any CPU
		{42656824-B684-4A00-B6E2-CD4E82539E84}.Debug|Any CPU.Build.0 = Debug|Any CPU
		{42656824-B684-4A00-B6E2-CD4E82539E84}.Release|Any CPU.ActiveCfg = Release|Any CPU
		{42656824-B684-4A00-B6E2-CD4E82539E84}.Release|Any CPU.Build.0 = Release|Any CPU
		{54BBAEA9-A335-455E-92D8-53784CD97E53}.Debug|Any CPU.ActiveCfg = Debug|Any CPU
		{54BBAEA9-A335-455E-92D8-53784CD97E53}.Debug|Any CPU.Build.0 = Debug|Any CPU
		{54BBAEA9-A335-455E-92D8-53784CD97E53}.Release|Any CPU.ActiveCfg = Release|Any CPU
		{54BBAEA9-A335-455E-92D8-53784CD97E53}.Release|Any CPU.Build.0 = Release|Any CPU
		{0A870C5C-D84D-4654-AEED-44DE9512FC88}.Debug|Any CPU.ActiveCfg = Debug|Any CPU
		{0A870C5C-D84D-4654-AEED-44DE9512FC88}.Debug|Any CPU.Build.0 = Debug|Any CPU
		{0A870C5C-D84D-4654-AEED-44DE9512FC88}.Release|Any CPU.ActiveCfg = Release|Any CPU
		{0A870C5C-D84D-4654-AEED-44DE9512FC88}.Release|Any CPU.Build.0 = Release|Any CPU
		{553E013F-AC37-4D7E-9242-5A2FAE2AB6DB}.Debug|Any CPU.ActiveCfg = Debug|Any CPU
		{553E013F-AC37-4D7E-9242-5A2FAE2AB6DB}.Debug|Any CPU.Build.0 = Debug|Any CPU
		{553E013F-AC37-4D7E-9242-5A2FAE2AB6DB}.Release|Any CPU.ActiveCfg = Release|Any CPU
		{553E013F-AC37-4D7E-9242-5A2FAE2AB6DB}.Release|Any CPU.Build.0 = Release|Any CPU
		{2260512B-85AC-40CA-ABCB-49D4A88FF429}.Debug|Any CPU.ActiveCfg = Debug|Any CPU
		{2260512B-85AC-40CA-ABCB-49D4A88FF429}.Debug|Any CPU.Build.0 = Debug|Any CPU
		{2260512B-85AC-40CA-ABCB-49D4A88FF429}.Release|Any CPU.ActiveCfg = Release|Any CPU
		{2260512B-85AC-40CA-ABCB-49D4A88FF429}.Release|Any CPU.Build.0 = Release|Any CPU
		{5C27C4C7-4FDE-4E7B-A0AC-6FE1ACAD69E6}.Debug|Any CPU.ActiveCfg = Debug|Any CPU
		{5C27C4C7-4FDE-4E7B-A0AC-6FE1ACAD69E6}.Debug|Any CPU.Build.0 = Debug|Any CPU
		{5C27C4C7-4FDE-4E7B-A0AC-6FE1ACAD69E6}.Release|Any CPU.ActiveCfg = Release|Any CPU
		{5C27C4C7-4FDE-4E7B-A0AC-6FE1ACAD69E6}.Release|Any CPU.Build.0 = Release|Any CPU
		{B5A42C0C-4E2F-4D20-8CE8-76BCF35897D4}.Debug|Any CPU.ActiveCfg = Debug|Any CPU
		{B5A42C0C-4E2F-4D20-8CE8-76BCF35897D4}.Debug|Any CPU.Build.0 = Debug|Any CPU
		{B5A42C0C-4E2F-4D20-8CE8-76BCF35897D4}.Release|Any CPU.ActiveCfg = Release|Any CPU
		{B5A42C0C-4E2F-4D20-8CE8-76BCF35897D4}.Release|Any CPU.Build.0 = Release|Any CPU
		{4BE30A88-2A72-404D-9567-93885E69D09D}.Debug|Any CPU.ActiveCfg = Debug|Any CPU
		{4BE30A88-2A72-404D-9567-93885E69D09D}.Debug|Any CPU.Build.0 = Debug|Any CPU
		{4BE30A88-2A72-404D-9567-93885E69D09D}.Release|Any CPU.ActiveCfg = Release|Any CPU
		{4BE30A88-2A72-404D-9567-93885E69D09D}.Release|Any CPU.Build.0 = Release|Any CPU
		{131B3115-CCE2-4914-B662-A194C88B7CEA}.Debug|Any CPU.ActiveCfg = Debug|Any CPU
		{131B3115-CCE2-4914-B662-A194C88B7CEA}.Debug|Any CPU.Build.0 = Debug|Any CPU
		{131B3115-CCE2-4914-B662-A194C88B7CEA}.Release|Any CPU.ActiveCfg = Release|Any CPU
		{131B3115-CCE2-4914-B662-A194C88B7CEA}.Release|Any CPU.Build.0 = Release|Any CPU
		{54BC2575-006A-418B-B8B2-CBE11F49A1B0}.Debug|Any CPU.ActiveCfg = Debug|Any CPU
		{54BC2575-006A-418B-B8B2-CBE11F49A1B0}.Debug|Any CPU.Build.0 = Debug|Any CPU
		{54BC2575-006A-418B-B8B2-CBE11F49A1B0}.Release|Any CPU.ActiveCfg = Release|Any CPU
		{54BC2575-006A-418B-B8B2-CBE11F49A1B0}.Release|Any CPU.Build.0 = Release|Any CPU
		{EBA8429C-BA7C-494D-81DC-B2F52F0CE15E}.Debug|Any CPU.ActiveCfg = Debug|Any CPU
		{EBA8429C-BA7C-494D-81DC-B2F52F0CE15E}.Debug|Any CPU.Build.0 = Debug|Any CPU
		{EBA8429C-BA7C-494D-81DC-B2F52F0CE15E}.Release|Any CPU.ActiveCfg = Release|Any CPU
		{EBA8429C-BA7C-494D-81DC-B2F52F0CE15E}.Release|Any CPU.Build.0 = Release|Any CPU
		{CEAA7189-4BC7-4E21-A76F-5F0B1CADB6EA}.Debug|Any CPU.ActiveCfg = Debug|Any CPU
		{CEAA7189-4BC7-4E21-A76F-5F0B1CADB6EA}.Debug|Any CPU.Build.0 = Debug|Any CPU
		{CEAA7189-4BC7-4E21-A76F-5F0B1CADB6EA}.Release|Any CPU.ActiveCfg = Release|Any CPU
		{CEAA7189-4BC7-4E21-A76F-5F0B1CADB6EA}.Release|Any CPU.Build.0 = Release|Any CPU
		{6D7CCDD6-05F6-4B56-B29B-15E0CBE7F76A}.Debug|Any CPU.ActiveCfg = Debug|Any CPU
		{6D7CCDD6-05F6-4B56-B29B-15E0CBE7F76A}.Debug|Any CPU.Build.0 = Debug|Any CPU
		{6D7CCDD6-05F6-4B56-B29B-15E0CBE7F76A}.Release|Any CPU.ActiveCfg = Release|Any CPU
		{6D7CCDD6-05F6-4B56-B29B-15E0CBE7F76A}.Release|Any CPU.Build.0 = Release|Any CPU
		{263EE50E-6294-4A5E-9924-E38B48AA7058}.Debug|Any CPU.ActiveCfg = Debug|Any CPU
		{263EE50E-6294-4A5E-9924-E38B48AA7058}.Debug|Any CPU.Build.0 = Debug|Any CPU
		{263EE50E-6294-4A5E-9924-E38B48AA7058}.Release|Any CPU.ActiveCfg = Release|Any CPU
		{263EE50E-6294-4A5E-9924-E38B48AA7058}.Release|Any CPU.Build.0 = Release|Any CPU
		{4FE79FF5-8FD1-444D-B250-DBCFCE651319}.Debug|Any CPU.ActiveCfg = Debug|Any CPU
		{4FE79FF5-8FD1-444D-B250-DBCFCE651319}.Debug|Any CPU.Build.0 = Debug|Any CPU
		{4FE79FF5-8FD1-444D-B250-DBCFCE651319}.Release|Any CPU.ActiveCfg = Release|Any CPU
		{4FE79FF5-8FD1-444D-B250-DBCFCE651319}.Release|Any CPU.Build.0 = Release|Any CPU
		{D6127C18-EE7F-42CC-9B82-DE14080D3BF4}.Debug|Any CPU.ActiveCfg = Debug|Any CPU
		{D6127C18-EE7F-42CC-9B82-DE14080D3BF4}.Debug|Any CPU.Build.0 = Debug|Any CPU
		{D6127C18-EE7F-42CC-9B82-DE14080D3BF4}.Release|Any CPU.ActiveCfg = Release|Any CPU
		{D6127C18-EE7F-42CC-9B82-DE14080D3BF4}.Release|Any CPU.Build.0 = Release|Any CPU
		{0E865A32-14D8-49CD-A47B-B15FECC33AC8}.Debug|Any CPU.ActiveCfg = Debug|Any CPU
		{0E865A32-14D8-49CD-A47B-B15FECC33AC8}.Debug|Any CPU.Build.0 = Debug|Any CPU
		{0E865A32-14D8-49CD-A47B-B15FECC33AC8}.Release|Any CPU.ActiveCfg = Release|Any CPU
		{0E865A32-14D8-49CD-A47B-B15FECC33AC8}.Release|Any CPU.Build.0 = Release|Any CPU
		{EE64EFA6-06BF-4F1C-91F3-81D44C1E81FF}.Debug|Any CPU.ActiveCfg = Debug|Any CPU
		{EE64EFA6-06BF-4F1C-91F3-81D44C1E81FF}.Debug|Any CPU.Build.0 = Debug|Any CPU
		{EE64EFA6-06BF-4F1C-91F3-81D44C1E81FF}.Release|Any CPU.ActiveCfg = Release|Any CPU
		{EE64EFA6-06BF-4F1C-91F3-81D44C1E81FF}.Release|Any CPU.Build.0 = Release|Any CPU
		{44924644-0A14-45F6-B091-26230F97E65A}.Debug|Any CPU.ActiveCfg = Debug|Any CPU
		{44924644-0A14-45F6-B091-26230F97E65A}.Debug|Any CPU.Build.0 = Debug|Any CPU
		{44924644-0A14-45F6-B091-26230F97E65A}.Release|Any CPU.ActiveCfg = Release|Any CPU
		{44924644-0A14-45F6-B091-26230F97E65A}.Release|Any CPU.Build.0 = Release|Any CPU
		{EC092CCD-4F8D-43AC-9884-AF929475CDCB}.Debug|Any CPU.ActiveCfg = Debug|Any CPU
		{EC092CCD-4F8D-43AC-9884-AF929475CDCB}.Debug|Any CPU.Build.0 = Debug|Any CPU
		{EC092CCD-4F8D-43AC-9884-AF929475CDCB}.Release|Any CPU.ActiveCfg = Release|Any CPU
		{EC092CCD-4F8D-43AC-9884-AF929475CDCB}.Release|Any CPU.Build.0 = Release|Any CPU
		{5873BE38-95FC-4A0C-B06B-FBF848B1154A}.Debug|Any CPU.ActiveCfg = Debug|Any CPU
		{5873BE38-95FC-4A0C-B06B-FBF848B1154A}.Debug|Any CPU.Build.0 = Debug|Any CPU
		{5873BE38-95FC-4A0C-B06B-FBF848B1154A}.Release|Any CPU.ActiveCfg = Release|Any CPU
		{5873BE38-95FC-4A0C-B06B-FBF848B1154A}.Release|Any CPU.Build.0 = Release|Any CPU
		{184FF1CD-11C6-4B66-BC09-70653562E574}.Debug|Any CPU.ActiveCfg = Debug|Any CPU
		{184FF1CD-11C6-4B66-BC09-70653562E574}.Debug|Any CPU.Build.0 = Debug|Any CPU
		{184FF1CD-11C6-4B66-BC09-70653562E574}.Release|Any CPU.ActiveCfg = Release|Any CPU
		{184FF1CD-11C6-4B66-BC09-70653562E574}.Release|Any CPU.Build.0 = Release|Any CPU
		{FC38034B-BF67-4065-9C8A-20755ACE4EDB}.Debug|Any CPU.ActiveCfg = Debug|Any CPU
		{FC38034B-BF67-4065-9C8A-20755ACE4EDB}.Debug|Any CPU.Build.0 = Debug|Any CPU
		{FC38034B-BF67-4065-9C8A-20755ACE4EDB}.Release|Any CPU.ActiveCfg = Release|Any CPU
		{FC38034B-BF67-4065-9C8A-20755ACE4EDB}.Release|Any CPU.Build.0 = Release|Any CPU
		{174C1344-3C6A-4EBA-B291-35C651D17DAC}.Debug|Any CPU.ActiveCfg = Debug|Any CPU
		{174C1344-3C6A-4EBA-B291-35C651D17DAC}.Debug|Any CPU.Build.0 = Debug|Any CPU
		{174C1344-3C6A-4EBA-B291-35C651D17DAC}.Release|Any CPU.ActiveCfg = Release|Any CPU
		{174C1344-3C6A-4EBA-B291-35C651D17DAC}.Release|Any CPU.Build.0 = Release|Any CPU
		{AE9CC793-DAB9-45ED-BFF3-0BDD6F2BB73C}.Debug|Any CPU.ActiveCfg = Debug|Any CPU
		{AE9CC793-DAB9-45ED-BFF3-0BDD6F2BB73C}.Debug|Any CPU.Build.0 = Debug|Any CPU
		{AE9CC793-DAB9-45ED-BFF3-0BDD6F2BB73C}.Release|Any CPU.ActiveCfg = Release|Any CPU
		{AE9CC793-DAB9-45ED-BFF3-0BDD6F2BB73C}.Release|Any CPU.Build.0 = Release|Any CPU
		{B3068BDA-3D60-41F0-A213-41B46472D6CE}.Debug|Any CPU.ActiveCfg = Debug|Any CPU
		{B3068BDA-3D60-41F0-A213-41B46472D6CE}.Debug|Any CPU.Build.0 = Debug|Any CPU
		{B3068BDA-3D60-41F0-A213-41B46472D6CE}.Release|Any CPU.ActiveCfg = Release|Any CPU
		{B3068BDA-3D60-41F0-A213-41B46472D6CE}.Release|Any CPU.Build.0 = Release|Any CPU
		{6A8A3128-2369-482A-9651-7234BB12FEDC}.Debug|Any CPU.ActiveCfg = Debug|Any CPU
		{6A8A3128-2369-482A-9651-7234BB12FEDC}.Debug|Any CPU.Build.0 = Debug|Any CPU
		{6A8A3128-2369-482A-9651-7234BB12FEDC}.Release|Any CPU.ActiveCfg = Release|Any CPU
		{6A8A3128-2369-482A-9651-7234BB12FEDC}.Release|Any CPU.Build.0 = Release|Any CPU
		{7C368D81-E7D3-4CF5-A438-ED4DFE8468FB}.Debug|Any CPU.ActiveCfg = Debug|Any CPU
		{7C368D81-E7D3-4CF5-A438-ED4DFE8468FB}.Debug|Any CPU.Build.0 = Debug|Any CPU
		{7C368D81-E7D3-4CF5-A438-ED4DFE8468FB}.Release|Any CPU.ActiveCfg = Release|Any CPU
		{7C368D81-E7D3-4CF5-A438-ED4DFE8468FB}.Release|Any CPU.Build.0 = Release|Any CPU
		{3720E387-83B9-4947-9F44-C1CC9ABE6649}.Debug|Any CPU.ActiveCfg = Debug|Any CPU
		{3720E387-83B9-4947-9F44-C1CC9ABE6649}.Debug|Any CPU.Build.0 = Debug|Any CPU
		{3720E387-83B9-4947-9F44-C1CC9ABE6649}.Release|Any CPU.ActiveCfg = Release|Any CPU
		{3720E387-83B9-4947-9F44-C1CC9ABE6649}.Release|Any CPU.Build.0 = Release|Any CPU
		{68E965CC-3BF1-4439-A6F5-8FE308A76609}.Debug|Any CPU.ActiveCfg = Debug|Any CPU
		{68E965CC-3BF1-4439-A6F5-8FE308A76609}.Debug|Any CPU.Build.0 = Debug|Any CPU
		{68E965CC-3BF1-4439-A6F5-8FE308A76609}.Release|Any CPU.ActiveCfg = Release|Any CPU
		{68E965CC-3BF1-4439-A6F5-8FE308A76609}.Release|Any CPU.Build.0 = Release|Any CPU
		{739467E2-FAA9-4F97-BC97-DC7F6CC922C6}.Debug|Any CPU.ActiveCfg = Debug|Any CPU
		{739467E2-FAA9-4F97-BC97-DC7F6CC922C6}.Debug|Any CPU.Build.0 = Debug|Any CPU
		{739467E2-FAA9-4F97-BC97-DC7F6CC922C6}.Release|Any CPU.ActiveCfg = Release|Any CPU
		{739467E2-FAA9-4F97-BC97-DC7F6CC922C6}.Release|Any CPU.Build.0 = Release|Any CPU
		{AA87988F-6CAB-49CC-8574-B62CB0910D9A}.Debug|Any CPU.ActiveCfg = Debug|Any CPU
		{AA87988F-6CAB-49CC-8574-B62CB0910D9A}.Debug|Any CPU.Build.0 = Debug|Any CPU
		{AA87988F-6CAB-49CC-8574-B62CB0910D9A}.Release|Any CPU.ActiveCfg = Release|Any CPU
		{AA87988F-6CAB-49CC-8574-B62CB0910D9A}.Release|Any CPU.Build.0 = Release|Any CPU
		{23FE5DDF-87CA-4142-AAD5-E72979DF0D27}.Debug|Any CPU.ActiveCfg = Debug|Any CPU
		{23FE5DDF-87CA-4142-AAD5-E72979DF0D27}.Debug|Any CPU.Build.0 = Debug|Any CPU
		{23FE5DDF-87CA-4142-AAD5-E72979DF0D27}.Release|Any CPU.ActiveCfg = Release|Any CPU
		{23FE5DDF-87CA-4142-AAD5-E72979DF0D27}.Release|Any CPU.Build.0 = Release|Any CPU
		{1A1DBC79-6E2C-4C0B-BEE1-F35B62B54260}.Debug|Any CPU.ActiveCfg = Debug|Any CPU
		{1A1DBC79-6E2C-4C0B-BEE1-F35B62B54260}.Debug|Any CPU.Build.0 = Debug|Any CPU
		{1A1DBC79-6E2C-4C0B-BEE1-F35B62B54260}.Release|Any CPU.ActiveCfg = Release|Any CPU
		{1A1DBC79-6E2C-4C0B-BEE1-F35B62B54260}.Release|Any CPU.Build.0 = Release|Any CPU
		{965CA2A6-34DD-45E2-859B-AD3060A07779}.Debug|Any CPU.ActiveCfg = Debug|Any CPU
		{965CA2A6-34DD-45E2-859B-AD3060A07779}.Debug|Any CPU.Build.0 = Debug|Any CPU
		{965CA2A6-34DD-45E2-859B-AD3060A07779}.Release|Any CPU.ActiveCfg = Release|Any CPU
		{965CA2A6-34DD-45E2-859B-AD3060A07779}.Release|Any CPU.Build.0 = Release|Any CPU
		{AA9461BC-3C0D-464E-BB98-86FC136466DA}.Debug|Any CPU.ActiveCfg = Debug|Any CPU
		{AA9461BC-3C0D-464E-BB98-86FC136466DA}.Debug|Any CPU.Build.0 = Debug|Any CPU
		{AA9461BC-3C0D-464E-BB98-86FC136466DA}.Release|Any CPU.ActiveCfg = Release|Any CPU
		{AA9461BC-3C0D-464E-BB98-86FC136466DA}.Release|Any CPU.Build.0 = Release|Any CPU
		{EA290651-D483-4ED6-9A46-3F84A19964AF}.Debug|Any CPU.ActiveCfg = Debug|Any CPU
		{EA290651-D483-4ED6-9A46-3F84A19964AF}.Debug|Any CPU.Build.0 = Debug|Any CPU
		{EA290651-D483-4ED6-9A46-3F84A19964AF}.Release|Any CPU.ActiveCfg = Release|Any CPU
		{EA290651-D483-4ED6-9A46-3F84A19964AF}.Release|Any CPU.Build.0 = Release|Any CPU
		{B2D2279A-E7C1-47FE-BC92-8D9D50FCDF22}.Debug|Any CPU.ActiveCfg = Debug|Any CPU
		{B2D2279A-E7C1-47FE-BC92-8D9D50FCDF22}.Debug|Any CPU.Build.0 = Debug|Any CPU
		{B2D2279A-E7C1-47FE-BC92-8D9D50FCDF22}.Release|Any CPU.ActiveCfg = Release|Any CPU
		{B2D2279A-E7C1-47FE-BC92-8D9D50FCDF22}.Release|Any CPU.Build.0 = Release|Any CPU
		{76DAE4B1-88EA-4CAE-94BF-90839E95C950}.Debug|Any CPU.ActiveCfg = Debug|Any CPU
		{76DAE4B1-88EA-4CAE-94BF-90839E95C950}.Debug|Any CPU.Build.0 = Debug|Any CPU
		{76DAE4B1-88EA-4CAE-94BF-90839E95C950}.Release|Any CPU.ActiveCfg = Release|Any CPU
		{76DAE4B1-88EA-4CAE-94BF-90839E95C950}.Release|Any CPU.Build.0 = Release|Any CPU
	EndGlobalSection
	GlobalSection(SolutionProperties) = preSolution
		HideSolutionNode = FALSE
	EndGlobalSection
	GlobalSection(NestedProjects) = preSolution
		{02B7CA70-4B95-4B06-9A54-38ABEDC69196} = {399DCF96-9760-4AF2-91E4-3257C7685523}
		{04210B99-272B-4FCA-8E4F-8C73FD5CC864} = {399DCF96-9760-4AF2-91E4-3257C7685523}
		{6EEFBA39-863B-49C3-9DF8-972441D14F74} = {399DCF96-9760-4AF2-91E4-3257C7685523}
		{42656824-B684-4A00-B6E2-CD4E82539E84} = {399DCF96-9760-4AF2-91E4-3257C7685523}
		{54BBAEA9-A335-455E-92D8-53784CD97E53} = {399DCF96-9760-4AF2-91E4-3257C7685523}
		{0A870C5C-D84D-4654-AEED-44DE9512FC88} = {399DCF96-9760-4AF2-91E4-3257C7685523}
		{553E013F-AC37-4D7E-9242-5A2FAE2AB6DB} = {399DCF96-9760-4AF2-91E4-3257C7685523}
		{2260512B-85AC-40CA-ABCB-49D4A88FF429} = {399DCF96-9760-4AF2-91E4-3257C7685523}
		{5C27C4C7-4FDE-4E7B-A0AC-6FE1ACAD69E6} = {399DCF96-9760-4AF2-91E4-3257C7685523}
		{B5A42C0C-4E2F-4D20-8CE8-76BCF35897D4} = {399DCF96-9760-4AF2-91E4-3257C7685523}
		{4BE30A88-2A72-404D-9567-93885E69D09D} = {399DCF96-9760-4AF2-91E4-3257C7685523}
		{131B3115-CCE2-4914-B662-A194C88B7CEA} = {399DCF96-9760-4AF2-91E4-3257C7685523}
		{54BC2575-006A-418B-B8B2-CBE11F49A1B0} = {399DCF96-9760-4AF2-91E4-3257C7685523}
		{EBA8429C-BA7C-494D-81DC-B2F52F0CE15E} = {399DCF96-9760-4AF2-91E4-3257C7685523}
		{CEAA7189-4BC7-4E21-A76F-5F0B1CADB6EA} = {399DCF96-9760-4AF2-91E4-3257C7685523}
		{6D7CCDD6-05F6-4B56-B29B-15E0CBE7F76A} = {399DCF96-9760-4AF2-91E4-3257C7685523}
		{263EE50E-6294-4A5E-9924-E38B48AA7058} = {399DCF96-9760-4AF2-91E4-3257C7685523}
		{4FE79FF5-8FD1-444D-B250-DBCFCE651319} = {399DCF96-9760-4AF2-91E4-3257C7685523}
		{D6127C18-EE7F-42CC-9B82-DE14080D3BF4} = {399DCF96-9760-4AF2-91E4-3257C7685523}
		{0E865A32-14D8-49CD-A47B-B15FECC33AC8} = {399DCF96-9760-4AF2-91E4-3257C7685523}
		{EE64EFA6-06BF-4F1C-91F3-81D44C1E81FF} = {399DCF96-9760-4AF2-91E4-3257C7685523}
		{44924644-0A14-45F6-B091-26230F97E65A} = {399DCF96-9760-4AF2-91E4-3257C7685523}
		{EC092CCD-4F8D-43AC-9884-AF929475CDCB} = {399DCF96-9760-4AF2-91E4-3257C7685523}
		{5873BE38-95FC-4A0C-B06B-FBF848B1154A} = {399DCF96-9760-4AF2-91E4-3257C7685523}
		{184FF1CD-11C6-4B66-BC09-70653562E574} = {399DCF96-9760-4AF2-91E4-3257C7685523}
		{FC38034B-BF67-4065-9C8A-20755ACE4EDB} = {399DCF96-9760-4AF2-91E4-3257C7685523}
		{174C1344-3C6A-4EBA-B291-35C651D17DAC} = {399DCF96-9760-4AF2-91E4-3257C7685523}
		{AE9CC793-DAB9-45ED-BFF3-0BDD6F2BB73C} = {399DCF96-9760-4AF2-91E4-3257C7685523}
		{B3068BDA-3D60-41F0-A213-41B46472D6CE} = {399DCF96-9760-4AF2-91E4-3257C7685523}
		{6A8A3128-2369-482A-9651-7234BB12FEDC} = {399DCF96-9760-4AF2-91E4-3257C7685523}
		{7C368D81-E7D3-4CF5-A438-ED4DFE8468FB} = {399DCF96-9760-4AF2-91E4-3257C7685523}
		{3720E387-83B9-4947-9F44-C1CC9ABE6649} = {399DCF96-9760-4AF2-91E4-3257C7685523}
		{68E965CC-3BF1-4439-A6F5-8FE308A76609} = {399DCF96-9760-4AF2-91E4-3257C7685523}
		{739467E2-FAA9-4F97-BC97-DC7F6CC922C6} = {399DCF96-9760-4AF2-91E4-3257C7685523}
		{AA87988F-6CAB-49CC-8574-B62CB0910D9A} = {399DCF96-9760-4AF2-91E4-3257C7685523}
		{23FE5DDF-87CA-4142-AAD5-E72979DF0D27} = {399DCF96-9760-4AF2-91E4-3257C7685523}
		{1A1DBC79-6E2C-4C0B-BEE1-F35B62B54260} = {399DCF96-9760-4AF2-91E4-3257C7685523}
		{965CA2A6-34DD-45E2-859B-AD3060A07779} = {C8D5274F-AC00-46C7-1F8D-E88E81087A52}
		{AA9461BC-3C0D-464E-BB98-86FC136466DA} = {C8D5274F-AC00-46C7-1F8D-E88E81087A52}
		{EA290651-D483-4ED6-9A46-3F84A19964AF} = {C8D5274F-AC00-46C7-1F8D-E88E81087A52}
		{B2D2279A-E7C1-47FE-BC92-8D9D50FCDF22} = {C8D5274F-AC00-46C7-1F8D-E88E81087A52}
		{76DAE4B1-88EA-4CAE-94BF-90839E95C950} = {C8D5274F-AC00-46C7-1F8D-E88E81087A52}
	EndGlobalSection
	GlobalSection(ExtensibilityGlobals) = postSolution
		SolutionGuid = {539A9BD2-522D-4917-BB62-C64A5EE944F9}
	EndGlobalSection
EndGlobal
