
Microsoft Visual Studio Solution File, Format Version 12.00
# Visual Studio Version 17
VisualStudioVersion = 17.11.35327.3
MinimumVisualStudioVersion = 10.0.40219.1
Project("{2150E333-8FDC-42A3-9474-1A3956D46DE8}") = "01.New_Study", "01.New_Study", "{399DCF96-9760-4AF2-91E4-3257C7685523}"
EndProject
Project("{9A19103F-16F7-4668-BE54-9A1E7A4F7556}") = "001_HelloWorld", "001_HelloWorld\001_HelloWorld.csproj", "{02B7CA70-4B95-4B06-9A54-38ABEDC69196}"
EndProject
Project("{9A19103F-16F7-4668-BE54-9A1E7A4F7556}") = "000_CSharpBasic", "000_CSharpBasic\000_CSharpBasic.csproj", "{04210B99-272B-4FCA-8E4F-8C73FD5CC864}"
EndProject
Project("{9A19103F-16F7-4668-BE54-9A1E7A4F7556}") = "002_Variable", "002_Variable\002_Variable.csproj", "{6EEFBA39-863B-49C3-9DF8-972441D14F74}"
EndProject
Project("{9A19103F-16F7-4668-BE54-9A1E7A4F7556}") = "003_Literals", "003_Literals\003_Literals.csproj", "{42656824-B684-4A00-B6E2-CD4E82539E84}"
EndProject
Project("{9A19103F-16F7-4668-BE54-9A1E7A4F7556}") = "004_Character", "004_Character\004_Character.csproj", "{54BBAEA9-A335-455E-92D8-53784CD97E53}"
EndProject
Project("{9A19103F-16F7-4668-BE54-9A1E7A4F7556}") = "005_Floating", "005_Floating\005_Floating.csproj", "{0A870C5C-D84D-4654-AEED-44DE9512FC88}"
EndProject
Project("{9A19103F-16F7-4668-BE54-9A1E7A4F7556}") = "006_Object", "006_Object\006_Object.csproj", "{553E013F-AC37-4D7E-9242-5A2FAE2AB6DB}"
EndProject
Project("{9A19103F-16F7-4668-BE54-9A1E7A4F7556}") = "007_Const_And_Enum", "007_Const_And_Enum\007_Const_And_Enum.csproj", "{2260512B-85AC-40CA-ABCB-49D4A88FF429}"
EndProject
Project("{9A19103F-16F7-4668-BE54-9A1E7A4F7556}") = "008_NullAble", "008_NullAble\008_NullAble.csproj", "{5C27C4C7-4FDE-4E7B-A0AC-6FE1ACAD69E6}"
EndProject
Project("{9A19103F-16F7-4668-BE54-9A1E7A4F7556}") = "009_var", "009_var\009_var.csproj", "{B5A42C0C-4E2F-4D20-8CE8-76BCF35897D4}"
EndProject
Project("{9A19103F-16F7-4668-BE54-9A1E7A4F7556}") = "010_StringSearch", "010_StringSearch\010_StringSearch.csproj", "{4BE30A88-2A72-404D-9567-93885E69D09D}"
EndProject
Project("{9A19103F-16F7-4668-BE54-9A1E7A4F7556}") = "011_Substring_And_Split", "011_Substring_And_Split\011_Substring_And_Split.csproj", "{131B3115-CCE2-4914-B662-A194C88B7CEA}"
EndProject
Project("{9A19103F-16F7-4668-BE54-9A1E7A4F7556}") = "012_String_Format", "012_String_Format\012_String_Format.csproj", "{54BC2575-006A-418B-B8B2-CBE11F49A1B0}"
EndProject
Project("{FAE04EC0-301F-11D3-BF4B-00C04F79EFBC}") = "013_Read_And_Write", "013_Read_And_Write\013_Read_And_Write.csproj", "{EBA8429C-BA7C-494D-81DC-B2F52F0CE15E}"
EndProject
Project("{FAE04EC0-301F-11D3-BF4B-00C04F79EFBC}") = "014_Parse", "014_Parse\014_Parse.csproj", "{CEAA7189-4BC7-4E21-A76F-5F0B1CADB6EA}"
EndProject
Project("{FAE04EC0-301F-11D3-BF4B-00C04F79EFBC}") = "015_Switch", "015_Switch\015_Switch.csproj", "{6D7CCDD6-05F6-4B56-B29B-15E0CBE7F76A}"
EndProject
Project("{FAE04EC0-301F-11D3-BF4B-00C04F79EFBC}") = "016_foreach", "016_foreach\016_foreach.csproj", "{263EE50E-6294-4A5E-9924-E38B48AA7058}"
EndProject
Global
	GlobalSection(SolutionConfigurationPlatforms) = preSolution
		Debug|Any CPU = Debug|Any CPU
		Release|Any CPU = Release|Any CPU
	EndGlobalSection
	GlobalSection(ProjectConfigurationPlatforms) = postSolution
		{02B7CA70-4B95-4B06-9A54-38ABEDC69196}.Debug|Any CPU.ActiveCfg = Debug|Any CPU
		{02B7CA70-4B95-4B06-9A54-38ABEDC69196}.Debug|Any CPU.Build.0 = Debug|Any CPU
		{02B7CA70-4B95-4B06-9A54-38ABEDC69196}.Release|Any CPU.ActiveCfg = Release|Any CPU
		{02B7CA70-4B95-4B06-9A54-38ABEDC69196}.Release|Any CPU.Build.0 = Release|Any CPU
		{04210B99-272B-4FCA-8E4F-8C73FD5CC864}.Debug|Any CPU.ActiveCfg = Debug|Any CPU
		{04210B99-272B-4FCA-8E4F-8C73FD5CC864}.Debug|Any CPU.Build.0 = Debug|Any CPU
		{04210B99-272B-4FCA-8E4F-8C73FD5CC864}.Release|Any CPU.ActiveCfg = Release|Any CPU
		{04210B99-272B-4FCA-8E4F-8C73FD5CC864}.Release|Any CPU.Build.0 = Release|Any CPU
		{6EEFBA39-863B-49C3-9DF8-972441D14F74}.Debug|Any CPU.ActiveCfg = Debug|Any CPU
		{6EEFBA39-863B-49C3-9DF8-972441D14F74}.Debug|Any CPU.Build.0 = Debug|Any CPU
		{6EEFBA39-863B-49C3-9DF8-972441D14F74}.Release|Any CPU.ActiveCfg = Release|Any CPU
		{6EEFBA39-863B-49C3-9DF8-972441D14F74}.Release|Any CPU.Build.0 = Release|Any CPU
		{42656824-B684-4A00-B6E2-CD4E82539E84}.Debug|Any CPU.ActiveCfg = Debug|Any CPU
		{42656824-B684-4A00-B6E2-CD4E82539E84}.Debug|Any CPU.Build.0 = Debug|Any CPU
		{42656824-B684-4A00-B6E2-CD4E82539E84}.Release|Any CPU.ActiveCfg = Release|Any CPU
		{42656824-B684-4A00-B6E2-CD4E82539E84}.Release|Any CPU.Build.0 = Release|Any CPU
		{54BBAEA9-A335-455E-92D8-53784CD97E53}.Debug|Any CPU.ActiveCfg = Debug|Any CPU
		{54BBAEA9-A335-455E-92D8-53784CD97E53}.Debug|Any CPU.Build.0 = Debug|Any CPU
		{54BBAEA9-A335-455E-92D8-53784CD97E53}.Release|Any CPU.ActiveCfg = Release|Any CPU
		{54BBAEA9-A335-455E-92D8-53784CD97E53}.Release|Any CPU.Build.0 = Release|Any CPU
		{0A870C5C-D84D-4654-AEED-44DE9512FC88}.Debug|Any CPU.ActiveCfg = Debug|Any CPU
		{0A870C5C-D84D-4654-AEED-44DE9512FC88}.Debug|Any CPU.Build.0 = Debug|Any CPU
		{0A870C5C-D84D-4654-AEED-44DE9512FC88}.Release|Any CPU.ActiveCfg = Release|Any CPU
		{0A870C5C-D84D-4654-AEED-44DE9512FC88}.Release|Any CPU.Build.0 = Release|Any CPU
		{553E013F-AC37-4D7E-9242-5A2FAE2AB6DB}.Debug|Any CPU.ActiveCfg = Debug|Any CPU
		{553E013F-AC37-4D7E-9242-5A2FAE2AB6DB}.Debug|Any CPU.Build.0 = Debug|Any CPU
		{553E013F-AC37-4D7E-9242-5A2FAE2AB6DB}.Release|Any CPU.ActiveCfg = Release|Any CPU
		{553E013F-AC37-4D7E-9242-5A2FAE2AB6DB}.Release|Any CPU.Build.0 = Release|Any CPU
		{2260512B-85AC-40CA-ABCB-49D4A88FF429}.Debug|Any CPU.ActiveCfg = Debug|Any CPU
		{2260512B-85AC-40CA-ABCB-49D4A88FF429}.Debug|Any CPU.Build.0 = Debug|Any CPU
		{2260512B-85AC-40CA-ABCB-49D4A88FF429}.Release|Any CPU.ActiveCfg = Release|Any CPU
		{2260512B-85AC-40CA-ABCB-49D4A88FF429}.Release|Any CPU.Build.0 = Release|Any CPU
		{5C27C4C7-4FDE-4E7B-A0AC-6FE1ACAD69E6}.Debug|Any CPU.ActiveCfg = Debug|Any CPU
		{5C27C4C7-4FDE-4E7B-A0AC-6FE1ACAD69E6}.Debug|Any CPU.Build.0 = Debug|Any CPU
		{5C27C4C7-4FDE-4E7B-A0AC-6FE1ACAD69E6}.Release|Any CPU.ActiveCfg = Release|Any CPU
		{5C27C4C7-4FDE-4E7B-A0AC-6FE1ACAD69E6}.Release|Any CPU.Build.0 = Release|Any CPU
		{B5A42C0C-4E2F-4D20-8CE8-76BCF35897D4}.Debug|Any CPU.ActiveCfg = Debug|Any CPU
		{B5A42C0C-4E2F-4D20-8CE8-76BCF35897D4}.Debug|Any CPU.Build.0 = Debug|Any CPU
		{B5A42C0C-4E2F-4D20-8CE8-76BCF35897D4}.Release|Any CPU.ActiveCfg = Release|Any CPU
		{B5A42C0C-4E2F-4D20-8CE8-76BCF35897D4}.Release|Any CPU.Build.0 = Release|Any CPU
		{4BE30A88-2A72-404D-9567-93885E69D09D}.Debug|Any CPU.ActiveCfg = Debug|Any CPU
		{4BE30A88-2A72-404D-9567-93885E69D09D}.Debug|Any CPU.Build.0 = Debug|Any CPU
		{4BE30A88-2A72-404D-9567-93885E69D09D}.Release|Any CPU.ActiveCfg = Release|Any CPU
		{4BE30A88-2A72-404D-9567-93885E69D09D}.Release|Any CPU.Build.0 = Release|Any CPU
		{131B3115-CCE2-4914-B662-A194C88B7CEA}.Debug|Any CPU.ActiveCfg = Debug|Any CPU
		{131B3115-CCE2-4914-B662-A194C88B7CEA}.Debug|Any CPU.Build.0 = Debug|Any CPU
		{131B3115-CCE2-4914-B662-A194C88B7CEA}.Release|Any CPU.ActiveCfg = Release|Any CPU
		{131B3115-CCE2-4914-B662-A194C88B7CEA}.Release|Any CPU.Build.0 = Release|Any CPU
		{54BC2575-006A-418B-B8B2-CBE11F49A1B0}.Debug|Any CPU.ActiveCfg = Debug|Any CPU
		{54BC2575-006A-418B-B8B2-CBE11F49A1B0}.Debug|Any CPU.Build.0 = Debug|Any CPU
		{54BC2575-006A-418B-B8B2-CBE11F49A1B0}.Release|Any CPU.ActiveCfg = Release|Any CPU
		{54BC2575-006A-418B-B8B2-CBE11F49A1B0}.Release|Any CPU.Build.0 = Release|Any CPU
		{EBA8429C-BA7C-494D-81DC-B2F52F0CE15E}.Debug|Any CPU.ActiveCfg = Debug|Any CPU
		{EBA8429C-BA7C-494D-81DC-B2F52F0CE15E}.Debug|Any CPU.Build.0 = Debug|Any CPU
		{EBA8429C-BA7C-494D-81DC-B2F52F0CE15E}.Release|Any CPU.ActiveCfg = Release|Any CPU
		{EBA8429C-BA7C-494D-81DC-B2F52F0CE15E}.Release|Any CPU.Build.0 = Release|Any CPU
		{CEAA7189-4BC7-4E21-A76F-5F0B1CADB6EA}.Debug|Any CPU.ActiveCfg = Debug|Any CPU
		{CEAA7189-4BC7-4E21-A76F-5F0B1CADB6EA}.Debug|Any CPU.Build.0 = Debug|Any CPU
		{CEAA7189-4BC7-4E21-A76F-5F0B1CADB6EA}.Release|Any CPU.ActiveCfg = Release|Any CPU
		{CEAA7189-4BC7-4E21-A76F-5F0B1CADB6EA}.Release|Any CPU.Build.0 = Release|Any CPU
		{6D7CCDD6-05F6-4B56-B29B-15E0CBE7F76A}.Debug|Any CPU.ActiveCfg = Debug|Any CPU
		{6D7CCDD6-05F6-4B56-B29B-15E0CBE7F76A}.Debug|Any CPU.Build.0 = Debug|Any CPU
		{6D7CCDD6-05F6-4B56-B29B-15E0CBE7F76A}.Release|Any CPU.ActiveCfg = Release|Any CPU
		{6D7CCDD6-05F6-4B56-B29B-15E0CBE7F76A}.Release|Any CPU.Build.0 = Release|Any CPU
		{263EE50E-6294-4A5E-9924-E38B48AA7058}.Debug|Any CPU.ActiveCfg = Debug|Any CPU
		{263EE50E-6294-4A5E-9924-E38B48AA7058}.Debug|Any CPU.Build.0 = Debug|Any CPU
		{263EE50E-6294-4A5E-9924-E38B48AA7058}.Release|Any CPU.ActiveCfg = Release|Any CPU
		{263EE50E-6294-4A5E-9924-E38B48AA7058}.Release|Any CPU.Build.0 = Release|Any CPU
	EndGlobalSection
	GlobalSection(SolutionProperties) = preSolution
		HideSolutionNode = FALSE
	EndGlobalSection
	GlobalSection(NestedProjects) = preSolution
		{02B7CA70-4B95-4B06-9A54-38ABEDC69196} = {399DCF96-9760-4AF2-91E4-3257C7685523}
		{04210B99-272B-4FCA-8E4F-8C73FD5CC864} = {399DCF96-9760-4AF2-91E4-3257C7685523}
		{6EEFBA39-863B-49C3-9DF8-972441D14F74} = {399DCF96-9760-4AF2-91E4-3257C7685523}
		{42656824-B684-4A00-B6E2-CD4E82539E84} = {399DCF96-9760-4AF2-91E4-3257C7685523}
		{54BBAEA9-A335-455E-92D8-53784CD97E53} = {399DCF96-9760-4AF2-91E4-3257C7685523}
		{0A870C5C-D84D-4654-AEED-44DE9512FC88} = {399DCF96-9760-4AF2-91E4-3257C7685523}
		{553E013F-AC37-4D7E-9242-5A2FAE2AB6DB} = {399DCF96-9760-4AF2-91E4-3257C7685523}
		{2260512B-85AC-40CA-ABCB-49D4A88FF429} = {399DCF96-9760-4AF2-91E4-3257C7685523}
		{5C27C4C7-4FDE-4E7B-A0AC-6FE1ACAD69E6} = {399DCF96-9760-4AF2-91E4-3257C7685523}
		{B5A42C0C-4E2F-4D20-8CE8-76BCF35897D4} = {399DCF96-9760-4AF2-91E4-3257C7685523}
		{4BE30A88-2A72-404D-9567-93885E69D09D} = {399DCF96-9760-4AF2-91E4-3257C7685523}
		{131B3115-CCE2-4914-B662-A194C88B7CEA} = {399DCF96-9760-4AF2-91E4-3257C7685523}
		{54BC2575-006A-418B-B8B2-CBE11F49A1B0} = {399DCF96-9760-4AF2-91E4-3257C7685523}
		{EBA8429C-BA7C-494D-81DC-B2F52F0CE15E} = {399DCF96-9760-4AF2-91E4-3257C7685523}
		{CEAA7189-4BC7-4E21-A76F-5F0B1CADB6EA} = {399DCF96-9760-4AF2-91E4-3257C7685523}
		{6D7CCDD6-05F6-4B56-B29B-15E0CBE7F76A} = {399DCF96-9760-4AF2-91E4-3257C7685523}
		{263EE50E-6294-4A5E-9924-E38B48AA7058} = {399DCF96-9760-4AF2-91E4-3257C7685523}
	EndGlobalSection
	GlobalSection(ExtensibilityGlobals) = postSolution
		SolutionGuid = {539A9BD2-522D-4917-BB62-C64A5EE944F9}
	EndGlobalSection
EndGlobal
